
Microsoft Visual Studio Solution File, Format Version 12.00
# Visual Studio Version 17
VisualStudioVersion = 17.1.32319.34
MinimumVisualStudioVersion = 10.0.40219.1
Project("{FAE04EC0-301F-11D3-BF4B-00C04F79EFBC}") = "BubbleBreakerGame", "BubbleBreakerGame\BubbleBreakerGame.csproj", "{B0E0DE40-43D3-4C52-810F-6A94070D9962}"
EndProject
Global
	GlobalSection(SolutionConfigurationPlatforms) = preSolution
		Debug|Any CPU = Debug|Any CPU
		Release|Any CPU = Release|Any CPU
	EndGlobalSection
	GlobalSection(ProjectConfigurationPlatforms) = postSolution
		{B0E0DE40-43D3-4C52-810F-6A94070D9962}.Debug|Any CPU.ActiveCfg = Debug|Any CPU
		{B0E0DE40-43D3-4C52-810F-6A94070D9962}.Debug|Any CPU.Build.0 = Debug|Any CPU
		{B0E0DE40-43D3-4C52-810F-6A94070D9962}.Release|Any CPU.ActiveCfg = Release|Any CPU
		{B0E0DE40-43D3-4C52-810F-6A94070D9962}.Release|Any CPU.Build.0 = Release|Any CPU
	EndGlobalSection
	GlobalSection(SolutionProperties) = preSolution
		HideSolutionNode = FALSE
	EndGlobalSection
	GlobalSection(ExtensibilityGlobals) = postSolution
		SolutionGuid = {87655FAA-5EB2-4122-89DE-E94820BF11D4}
	EndGlobalSection
EndGlobal
